<?xml version="1.0" encoding="utf-8"?>
<Project ToolsVersion="4.0" xmlns="http://schemas.microsoft.com/developer/msbuild/2003">
  <ItemGroup>
    <Filter Include="Source Files">
      <UniqueIdentifier>{0b10b7f6-76e0-4bcb-bbd1-6eb899a72fcf}</UniqueIdentifier>
      <Extensions>cpp;c;cxx;def;odl;idl;hpj;bat;asm</Extensions>
    </Filter>
    <Filter Include="Header Files">
      <UniqueIdentifier>{165e567e-4938-46e3-be04-9847bce560da}</UniqueIdentifier>
      <Extensions>h;hpp;hxx;hm;inl;inc</Extensions>
    </Filter>
    <Filter Include="Resource Files">
      <UniqueIdentifier>{5adf9b40-508a-40e1-9d09-ab1b6dbe13fa}</UniqueIdentifier>
      <Extensions>rc;ico;cur;bmp;dlg;rc2;rct;bin;rgs;jpg;jpeg;jpe;manifest</Extensions>
    </Filter>
  </ItemGroup>
  <ItemGroup>
    <Image Include="res\retreat.ico">
      <Filter>Resource Files</Filter>
    </Image>
  </ItemGroup>
  <ItemGroup>
    <ClCompile Include="Controller.cppm" />
    <ClCompile Include="retreat.cpp">
      <Filter>Source Files</Filter>
    </ClCompile>
    <ClCompile Include="pch\stdafx.cpp">
      <Filter>Source Files</Filter>
    </ClCompile>
    <ClCompile Include="windows\AboutDlg.cppm" />
    <ClCompile Include="windows\TrayIconImpl.ixx" />
    <ClCompile Include="system.ixx" />
    <ClCompile Include="system_win32.cppm" />
    <ClCompile Include="Settings.cppm" />
    <ClCompile Include="misc\dbgcout.cpp">
      <Filter>Source Files</Filter>
    </ClCompile>
    <ClCompile Include="windows\DispatchWnd.cppm" />
    <ClCompile Include="misc\config.cpp">
      <Filter>Source Files</Filter>
    </ClCompile>
    <ClCompile Include="scheduler\PeriodicScheduler.cppm" />
    <ClCompile Include="scheduler\Scheduler.cppm" />
    <ClCompile Include="statemachine\State.cppm" />
    <ClCompile Include="statemachine\StateAlert.cppm" />
    <ClCompile Include="statemachine\StateIdle.cppm" />
    <ClCompile Include="statemachine\StateLocked.cppm" />
    <ClCompile Include="scheduler\SchedulerFactory.cppm" />
    <ClCompile Include="scheduler\CronScheduler.cppm" />
    <ClCompile Include="statemachine\StateDelay.cppm" />
    <ClCompile Include="statemachine\StateSuspended.cppm" />
    <ClCompile Include="statemachine\StateMachine.cppm" />
    <ClCompile Include="statemachine\StateMachineImpl.cppm" />
    <ClCompile Include="windows\TranslucentWindow.cppm" />
    <ClCompile Include="windows\gdi\BitmapBuffer.cppm" />
    <ClCompile Include="windows\TimerWindow.cppm" />
    <ClCompile Include="windows\gdi\TextBuffer.cppm" />
    <ClCompile Include="statemachine\StateWindowAdapter.cppm" />
    <ClCompile Include="windows\AlertWindowAdapter.cppm" />
    <ClCompile Include="windows\LockWindowAdapter.cppm" />
    <ClCompile Include="algorithms.cppm" />
    <ClCompile Include="windows\gdi\Shapes.cppm" />
  </ItemGroup>
  <ItemGroup>
    <None Include="packages.config" />
  </ItemGroup>
  <ItemGroup>
    <ClInclude Include="res\resource.h">
      <Filter>Header Files</Filter>
    </ClInclude>
    <ClInclude Include="pch\stdafx.h">
      <Filter>Header Files</Filter>
    </ClInclude>
    <ClInclude Include="misc\LimitSingleInstance.h">
      <Filter>Header Files</Filter>
    </ClInclude>
    <ClInclude Include="misc\tstring.h">
      <Filter>Header Files</Filter>
    </ClInclude>
    <ClInclude Include="misc\dbgcout.h">
      <Filter>Header Files</Filter>
    </ClInclude>
    <ClInclude Include="misc\config.h">
      <Filter>Header Files</Filter>
    </ClInclude>
    <ClInclude Include="misc\debug.h">
      <Filter>Header Files</Filter>
    </ClInclude>
  </ItemGroup>
  <ItemGroup>
    <ResourceCompile Include="res\retreat.rc">
      <Filter>Resource Files</Filter>
    </ResourceCompile>
  </ItemGroup>
</Project>